// !$*UTF8*$!
{
	archiveVersion = 1;
	classes = {
	};
	objectVersion = 48;
	objects = {

/* Begin PBXBuildFile section */
		A71F9DA2201EB70D00E183F3 /* LYFCocoaTouchFramework.framework in Frameworks */ = {isa = PBXBuildFile; fileRef = A71F9D98201EB70D00E183F3 /* LYFCocoaTouchFramework.framework */; };
		A71F9DA9201EB70D00E183F3 /* LYFCocoaTouchFramework.h in Headers */ = {isa = PBXBuildFile; fileRef = A71F9D9B201EB70D00E183F3 /* LYFCocoaTouchFramework.h */; settings = {ATTRIBUTES = (Public, ); }; };
		A71F9DBA201EB89300E183F3 /* RingLayer.swift in Sources */ = {isa = PBXBuildFile; fileRef = A71F9DB2201EB89300E183F3 /* RingLayer.swift */; };
		A71F9DBB201EB89300E183F3 /* winning.mp3 in Resources */ = {isa = PBXBuildFile; fileRef = A71F9DB3201EB89300E183F3 /* winning.mp3 */; };
		A71F9DBC201EB89300E183F3 /* CircularGradient.swift in Sources */ = {isa = PBXBuildFile; fileRef = A71F9DB4201EB89300E183F3 /* CircularGradient.swift */; };
		A71F9DBD201EB89300E183F3 /* Utilities.swift in Sources */ = {isa = PBXBuildFile; fileRef = A71F9DB5201EB89300E183F3 /* Utilities.swift */; };
		A71F9DBE201EB89300E183F3 /* coin07.mp3 in Resources */ = {isa = PBXBuildFile; fileRef = A71F9DB6201EB89300E183F3 /* coin07.mp3 */; };
		A71F9DBF201EB89300E183F3 /* RingTip.swift in Sources */ = {isa = PBXBuildFile; fileRef = A71F9DB7201EB89300E183F3 /* RingTip.swift */; };
		A71F9DC0201EB89300E183F3 /* Fanfare.swift in Sources */ = {isa = PBXBuildFile; fileRef = A71F9DB8201EB89300E183F3 /* Fanfare.swift */; };
		A71F9DC1201EB89300E183F3 /* ThreeRingView.swift in Sources */ = {isa = PBXBuildFile; fileRef = A71F9DB9201EB89300E183F3 /* ThreeRingView.swift */; };
		A71F9E48201F429800E183F3 /* PhonerciseTests.swift in Sources */ = {isa = PBXBuildFile; fileRef = A71F9E47201F429800E183F3 /* PhonerciseTests.swift */; };
/* End PBXBuildFile section */

/* Begin PBXContainerItemProxy section */
		A71F9DA3201EB70D00E183F3 /* PBXContainerItemProxy */ = {
			isa = PBXContainerItemProxy;
			containerPortal = A71F9D8F201EB70D00E183F3 /* Project object */;
			proxyType = 1;
			remoteGlobalIDString = A71F9D97201EB70D00E183F3;
			remoteInfo = LYFCocoaTouchFramework;
		};
/* End PBXContainerItemProxy section */

/* Begin PBXFileReference section */
		A71F9D98201EB70D00E183F3 /* LYFCocoaTouchFramework.framework */ = {isa = PBXFileReference; explicitFileType = wrapper.framework; includeInIndex = 0; path = LYFCocoaTouchFramework.framework; sourceTree = BUILT_PRODUCTS_DIR; };
		A71F9D9B201EB70D00E183F3 /* LYFCocoaTouchFramework.h */ = {isa = PBXFileReference; lastKnownFileType = sourcecode.c.h; path = LYFCocoaTouchFramework.h; sourceTree = "<group>"; };
		A71F9D9C201EB70D00E183F3 /* Info.plist */ = {isa = PBXFileReference; lastKnownFileType = text.plist.xml; path = Info.plist; sourceTree = "<group>"; };
		A71F9DA1201EB70D00E183F3 /* LYFCocoaTouchFrameworkTests.xctest */ = {isa = PBXFileReference; explicitFileType = wrapper.cfbundle; includeInIndex = 0; path = LYFCocoaTouchFrameworkTests.xctest; sourceTree = BUILT_PRODUCTS_DIR; };
		A71F9DA8201EB70D00E183F3 /* Info.plist */ = {isa = PBXFileReference; lastKnownFileType = text.plist.xml; path = Info.plist; sourceTree = "<group>"; };
		A71F9DB2201EB89300E183F3 /* RingLayer.swift */ = {isa = PBXFileReference; fileEncoding = 4; lastKnownFileType = sourcecode.swift; path = RingLayer.swift; sourceTree = "<group>"; };
		A71F9DB3201EB89300E183F3 /* winning.mp3 */ = {isa = PBXFileReference; lastKnownFileType = audio.mp3; path = winning.mp3; sourceTree = "<group>"; };
		A71F9DB4201EB89300E183F3 /* CircularGradient.swift */ = {isa = PBXFileReference; fileEncoding = 4; lastKnownFileType = sourcecode.swift; path = CircularGradient.swift; sourceTree = "<group>"; };
		A71F9DB5201EB89300E183F3 /* Utilities.swift */ = {isa = PBXFileReference; fileEncoding = 4; lastKnownFileType = sourcecode.swift; path = Utilities.swift; sourceTree = "<group>"; };
		A71F9DB6201EB89300E183F3 /* coin07.mp3 */ = {isa = PBXFileReference; lastKnownFileType = audio.mp3; path = coin07.mp3; sourceTree = "<group>"; };
		A71F9DB7201EB89300E183F3 /* RingTip.swift */ = {isa = PBXFileReference; fileEncoding = 4; lastKnownFileType = sourcecode.swift; path = RingTip.swift; sourceTree = "<group>"; };
		A71F9DB8201EB89300E183F3 /* Fanfare.swift */ = {isa = PBXFileReference; fileEncoding = 4; lastKnownFileType = sourcecode.swift; path = Fanfare.swift; sourceTree = "<group>"; };
		A71F9DB9201EB89300E183F3 /* ThreeRingView.swift */ = {isa = PBXFileReference; fileEncoding = 4; lastKnownFileType = sourcecode.swift; path = ThreeRingView.swift; sourceTree = "<group>"; };
		A71F9E47201F429800E183F3 /* PhonerciseTests.swift */ = {isa = PBXFileReference; fileEncoding = 4; lastKnownFileType = sourcecode.swift; path = PhonerciseTests.swift; sourceTree = "<group>"; };
/* End PBXFileReference section */

/* Begin PBXFrameworksBuildPhase section */
		A71F9D94201EB70D00E183F3 /* Frameworks */ = {
			isa = PBXFrameworksBuildPhase;
			buildActionMask = 2147483647;
			files = (
			);
			runOnlyForDeploymentPostprocessing = 0;
		};
		A71F9D9E201EB70D00E183F3 /* Frameworks */ = {
			isa = PBXFrameworksBuildPhase;
			buildActionMask = 2147483647;
			files = (
				A71F9DA2201EB70D00E183F3 /* LYFCocoaTouchFramework.framework in Frameworks */,
			);
			runOnlyForDeploymentPostprocessing = 0;
		};
/* End PBXFrameworksBuildPhase section */

/* Begin PBXGroup section */
		A71F9D8E201EB70D00E183F3 = {
			isa = PBXGroup;
			children = (
				A71F9D9A201EB70D00E183F3 /* LYFCocoaTouchFramework */,
				A71F9DA5201EB70D00E183F3 /* LYFCocoaTouchFrameworkTests */,
				A71F9D99201EB70D00E183F3 /* Products */,
			);
			sourceTree = "<group>";
		};
		A71F9D99201EB70D00E183F3 /* Products */ = {
			isa = PBXGroup;
			children = (
				A71F9D98201EB70D00E183F3 /* LYFCocoaTouchFramework.framework */,
				A71F9DA1201EB70D00E183F3 /* LYFCocoaTouchFrameworkTests.xctest */,
			);
			name = Products;
			sourceTree = "<group>";
		};
		A71F9D9A201EB70D00E183F3 /* LYFCocoaTouchFramework */ = {
			isa = PBXGroup;
			children = (
				A71F9DB4201EB89300E183F3 /* CircularGradient.swift */,
				A71F9DB6201EB89300E183F3 /* coin07.mp3 */,
				A71F9DB8201EB89300E183F3 /* Fanfare.swift */,
				A71F9DB2201EB89300E183F3 /* RingLayer.swift */,
				A71F9DB7201EB89300E183F3 /* RingTip.swift */,
				A71F9DB9201EB89300E183F3 /* ThreeRingView.swift */,
				A71F9DB5201EB89300E183F3 /* Utilities.swift */,
				A71F9DB3201EB89300E183F3 /* winning.mp3 */,
				A71F9D9B201EB70D00E183F3 /* LYFCocoaTouchFramework.h */,
				A71F9D9C201EB70D00E183F3 /* Info.plist */,
			);
			path = LYFCocoaTouchFramework;
			sourceTree = "<group>";
		};
		A71F9DA5201EB70D00E183F3 /* LYFCocoaTouchFrameworkTests */ = {
			isa = PBXGroup;
			children = (
				A71F9E47201F429800E183F3 /* PhonerciseTests.swift */,
				A71F9DA8201EB70D00E183F3 /* Info.plist */,
			);
			path = LYFCocoaTouchFrameworkTests;
			sourceTree = "<group>";
		};
/* End PBXGroup section */

/* Begin PBXHeadersBuildPhase section */
		A71F9D95201EB70D00E183F3 /* Headers */ = {
			isa = PBXHeadersBuildPhase;
			buildActionMask = 2147483647;
			files = (
				A71F9DA9201EB70D00E183F3 /* LYFCocoaTouchFramework.h in Headers */,
			);
			runOnlyForDeploymentPostprocessing = 0;
		};
/* End PBXHeadersBuildPhase section */

/* Begin PBXNativeTarget section */
		A71F9D97201EB70D00E183F3 /* LYFCocoaTouchFramework */ = {
			isa = PBXNativeTarget;
			buildConfigurationList = A71F9DAC201EB70D00E183F3 /* Build configuration list for PBXNativeTarget "LYFCocoaTouchFramework" */;
			buildPhases = (
				A71F9D93201EB70D00E183F3 /* Sources */,
				A71F9D94201EB70D00E183F3 /* Frameworks */,
				A71F9D95201EB70D00E183F3 /* Headers */,
				A71F9D96201EB70D00E183F3 /* Resources */,
			);
			buildRules = (
			);
			dependencies = (
			);
			name = LYFCocoaTouchFramework;
			productName = LYFCocoaTouchFramework;
			productReference = A71F9D98201EB70D00E183F3 /* LYFCocoaTouchFramework.framework */;
			productType = "com.apple.product-type.framework";
		};
		A71F9DA0201EB70D00E183F3 /* LYFCocoaTouchFrameworkTests */ = {
			isa = PBXNativeTarget;
			buildConfigurationList = A71F9DAF201EB70D00E183F3 /* Build configuration list for PBXNativeTarget "LYFCocoaTouchFrameworkTests" */;
			buildPhases = (
				A71F9D9D201EB70D00E183F3 /* Sources */,
				A71F9D9E201EB70D00E183F3 /* Frameworks */,
				A71F9D9F201EB70D00E183F3 /* Resources */,
			);
			buildRules = (
			);
			dependencies = (
				A71F9DA4201EB70D00E183F3 /* PBXTargetDependency */,
			);
			name = LYFCocoaTouchFrameworkTests;
			productName = LYFCocoaTouchFrameworkTests;
			productReference = A71F9DA1201EB70D00E183F3 /* LYFCocoaTouchFrameworkTests.xctest */;
			productType = "com.apple.product-type.bundle.unit-test";
		};
/* End PBXNativeTarget section */

/* Begin PBXProject section */
		A71F9D8F201EB70D00E183F3 /* Project object */ = {
			isa = PBXProject;
			attributes = {
				LastSwiftUpdateCheck = 0920;
				LastUpgradeCheck = 0920;
				ORGANIZATIONNAME = "yan feng liu";
				TargetAttributes = {
					A71F9D97201EB70D00E183F3 = {
						CreatedOnToolsVersion = 9.2;
						LastSwiftMigration = 0920;
						ProvisioningStyle = Automatic;
					};
					A71F9DA0201EB70D00E183F3 = {
						CreatedOnToolsVersion = 9.2;
						ProvisioningStyle = Automatic;
					};
				};
			};
			buildConfigurationList = A71F9D92201EB70D00E183F3 /* Build configuration list for PBXProject "LYFCocoaTouchFramework" */;
			compatibilityVersion = "Xcode 8.0";
			developmentRegion = en;
			hasScannedForEncodings = 0;
			knownRegions = (
				en,
			);
			mainGroup = A71F9D8E201EB70D00E183F3;
			productRefGroup = A71F9D99201EB70D00E183F3 /* Products */;
			projectDirPath = "";
			projectRoot = "";
			targets = (
				A71F9D97201EB70D00E183F3 /* LYFCocoaTouchFramework */,
				A71F9DA0201EB70D00E183F3 /* LYFCocoaTouchFrameworkTests */,
			);
		};
/* End PBXProject section */

/* Begin PBXResourcesBuildPhase section */
		A71F9D96201EB70D00E183F3 /* Resources */ = {
			isa = PBXResourcesBuildPhase;
			buildActionMask = 2147483647;
			files = (
				A71F9DBE201EB89300E183F3 /* coin07.mp3 in Resources */,
				A71F9DBB201EB89300E183F3 /* winning.mp3 in Resources */,
			);
			runOnlyForDeploymentPostprocessing = 0;
		};
		A71F9D9F201EB70D00E183F3 /* Resources */ = {
			isa = PBXResourcesBuildPhase;
			buildActionMask = 2147483647;
			files = (
			);
			runOnlyForDeploymentPostprocessing = 0;
		};
/* End PBXResourcesBuildPhase section */

/* Begin PBXSourcesBuildPhase section */
		A71F9D93201EB70D00E183F3 /* Sources */ = {
			isa = PBXSourcesBuildPhase;
			buildActionMask = 2147483647;
			files = (
				A71F9DBD201EB89300E183F3 /* Utilities.swift in Sources */,
				A71F9DC1201EB89300E183F3 /* ThreeRingView.swift in Sources */,
				A71F9DBF201EB89300E183F3 /* RingTip.swift in Sources */,
				A71F9DC0201EB89300E183F3 /* Fanfare.swift in Sources */,
				A71F9DBC201EB89300E183F3 /* CircularGradient.swift in Sources */,
				A71F9DBA201EB89300E183F3 /* RingLayer.swift in Sources */,
			);
			runOnlyForDeploymentPostprocessing = 0;
		};
		A71F9D9D201EB70D00E183F3 /* Sources */ = {
			isa = PBXSourcesBuildPhase;
			buildActionMask = 2147483647;
			files = (
				A71F9E48201F429800E183F3 /* PhonerciseTests.swift in Sources */,
			);
			runOnlyForDeploymentPostprocessing = 0;
		};
/* End PBXSourcesBuildPhase section */

/* Begin PBXTargetDependency section */
		A71F9DA4201EB70D00E183F3 /* PBXTargetDependency */ = {
			isa = PBXTargetDependency;
			target = A71F9D97201EB70D00E183F3 /* LYFCocoaTouchFramework */;
			targetProxy = A71F9DA3201EB70D00E183F3 /* PBXContainerItemProxy */;
		};
/* End PBXTargetDependency section */

/* Begin XCBuildConfiguration section */
		A71F9DAA201EB70D00E183F3 /* Debug */ = {
			isa = XCBuildConfiguration;
			buildSettings = {
				ALWAYS_SEARCH_USER_PATHS = NO;
				CLANG_ANALYZER_NONNULL = YES;
				CLANG_ANALYZER_NUMBER_OBJECT_CONVERSION = YES_AGGRESSIVE;
				CLANG_CXX_LANGUAGE_STANDARD = "gnu++14";
				CLANG_CXX_LIBRARY = "libc++";
				CLANG_ENABLE_MODULES = YES;
				CLANG_ENABLE_OBJC_ARC = YES;
				CLANG_WARN_BLOCK_CAPTURE_AUTORELEASING = YES;
				CLANG_WARN_BOOL_CONVERSION = YES;
				CLANG_WARN_COMMA = YES;
				CLANG_WARN_CONSTANT_CONVERSION = YES;
				CLANG_WARN_DIRECT_OBJC_ISA_USAGE = YES_ERROR;
				CLANG_WARN_DOCUMENTATION_COMMENTS = YES;
				CLANG_WARN_EMPTY_BODY = YES;
				CLANG_WARN_ENUM_CONVERSION = YES;
				CLANG_WARN_INFINITE_RECURSION = YES;
				CLANG_WARN_INT_CONVERSION = YES;
				CLANG_WARN_NON_LITERAL_NULL_CONVERSION = YES;
				CLANG_WARN_OBJC_LITERAL_CONVERSION = YES;
				CLANG_WARN_OBJC_ROOT_CLASS = YES_ERROR;
				CLANG_WARN_RANGE_LOOP_ANALYSIS = YES;
				CLANG_WARN_STRICT_PROTOTYPES = YES;
				CLANG_WARN_SUSPICIOUS_MOVE = YES;
				CLANG_WARN_UNGUARDED_AVAILABILITY = YES_AGGRESSIVE;
				CLANG_WARN_UNREACHABLE_CODE = YES;
				CLANG_WARN__DUPLICATE_METHOD_MATCH = YES;
				CODE_SIGN_IDENTITY = "iPhone Developer";
				COPY_PHASE_STRIP = NO;
				CURRENT_PROJECT_VERSION = 1;
				DEBUG_INFORMATION_FORMAT = dwarf;
				ENABLE_STRICT_OBJC_MSGSEND = YES;
				ENABLE_TESTABILITY = YES;
				GCC_C_LANGUAGE_STANDARD = gnu11;
				GCC_DYNAMIC_NO_PIC = NO;
				GCC_NO_COMMON_BLOCKS = YES;
				GCC_OPTIMIZATION_LEVEL = 0;
				GCC_PREPROCESSOR_DEFINITIONS = (
					"DEBUG=1",
					"$(inherited)",
				);
				GCC_WARN_64_TO_32_BIT_CONVERSION = YES;
				GCC_WARN_ABOUT_RETURN_TYPE = YES_ERROR;
				GCC_WARN_UNDECLARED_SELECTOR = YES;
				GCC_WARN_UNINITIALIZED_AUTOS = YES_AGGRESSIVE;
				GCC_WARN_UNUSED_FUNCTION = YES;
				GCC_WARN_UNUSED_VARIABLE = YES;
				IPHONEOS_DEPLOYMENT_TARGET = 11.2;
				MTL_ENABLE_DEBUG_INFO = YES;
				ONLY_ACTIVE_ARCH = YES;
				SDKROOT = iphoneos;
				SWIFT_ACTIVE_COMPILATION_CONDITIONS = DEBUG;
				SWIFT_OPTIMIZATION_LEVEL = "-Onone";
				VERSIONING_SYSTEM = "apple-generic";
				VERSION_INFO_PREFIX = "";
			};
			name = Debug;
		};
		A71F9DAB201EB70D00E183F3 /* Release */ = {
			isa = XCBuildConfiguration;
			buildSettings = {
				ALWAYS_SEARCH_USER_PATHS = NO;
				CLANG_ANALYZER_NONNULL = YES;
				CLANG_ANALYZER_NUMBER_OBJECT_CONVERSION = YES_AGGRESSIVE;
				CLANG_CXX_LANGUAGE_STANDARD = "gnu++14";
				CLANG_CXX_LIBRARY = "libc++";
				CLANG_ENABLE_MODULES = YES;
				CLANG_ENABLE_OBJC_ARC = YES;
				CLANG_WARN_BLOCK_CAPTURE_AUTORELEASING = YES;
				CLANG_WARN_BOOL_CONVERSION = YES;
				CLANG_WARN_COMMA = YES;
				CLANG_WARN_CONSTANT_CONVERSION = YES;
				CLANG_WARN_DIRECT_OBJC_ISA_USAGE = YES_ERROR;
				CLANG_WARN_DOCUMENTATION_COMMENTS = YES;
				CLANG_WARN_EMPTY_BODY = YES;
				CLANG_WARN_ENUM_CONVERSION = YES;
				CLANG_WARN_INFINITE_RECURSION = YES;
				CLANG_WARN_INT_CONVERSION = YES;
				CLANG_WARN_NON_LITERAL_NULL_CONVERSION = YES;
				CLANG_WARN_OBJC_LITERAL_CONVERSION = YES;
				CLANG_WARN_OBJC_ROOT_CLASS = YES_ERROR;
				CLANG_WARN_RANGE_LOOP_ANALYSIS = YES;
				CLANG_WARN_STRICT_PROTOTYPES = YES;
				CLANG_WARN_SUSPICIOUS_MOVE = YES;
				CLANG_WARN_UNGUARDED_AVAILABILITY = YES_AGGRESSIVE;
				CLANG_WARN_UNREACHABLE_CODE = YES;
				CLANG_WARN__DUPLICATE_METHOD_MATCH = YES;
				CODE_SIGN_IDENTITY = "iPhone Developer";
				COPY_PHASE_STRIP = NO;
				CURRENT_PROJECT_VERSION = 1;
				DEBUG_INFORMATION_FORMAT = "dwarf-with-dsym";
				ENABLE_NS_ASSERTIONS = NO;
				ENABLE_STRICT_OBJC_MSGSEND = YES;
				GCC_C_LANGUAGE_STANDARD = gnu11;
				GCC_NO_COMMON_BLOCKS = YES;
				GCC_WARN_64_TO_32_BIT_CONVERSION = YES;
				GCC_WARN_ABOUT_RETURN_TYPE = YES_ERROR;
				GCC_WARN_UNDECLARED_SELECTOR = YES;
				GCC_WARN_UNINITIALIZED_AUTOS = YES_AGGRESSIVE;
				GCC_WARN_UNUSED_FUNCTION = YES;
				GCC_WARN_UNUSED_VARIABLE = YES;
				IPHONEOS_DEPLOYMENT_TARGET = 11.2;
				MTL_ENABLE_DEBUG_INFO = NO;
				SDKROOT = iphoneos;
				SWIFT_OPTIMIZATION_LEVEL = "-Owholemodule";
				VALIDATE_PRODUCT = YES;
				VERSIONING_SYSTEM = "apple-generic";
				VERSION_INFO_PREFIX = "";
			};
			name = Release;
		};
		A71F9DAD201EB70D00E183F3 /* Debug */ = {
			isa = XCBuildConfiguration;
			buildSettings = {
				CLANG_ENABLE_MODULES = YES;
				CODE_SIGN_IDENTITY = "";
				CODE_SIGN_STYLE = Automatic;
				DEFINES_MODULE = YES;
				DYLIB_COMPATIBILITY_VERSION = 1;
				DYLIB_CURRENT_VERSION = 1;
				DYLIB_INSTALL_NAME_BASE = "@rpath";
				INFOPLIST_FILE = LYFCocoaTouchFramework/Info.plist;
				INSTALL_PATH = "$(LOCAL_LIBRARY_DIR)/Frameworks";
				LD_RUNPATH_SEARCH_PATHS = "$(inherited) @executable_path/Frameworks @loader_path/Frameworks";
				PRODUCT_BUNDLE_IDENTIFIER = "-c2p.LYFCocoaTouchFramework";
				PRODUCT_NAME = "$(TARGET_NAME:c99extidentifier)";
				SKIP_INSTALL = YES;
				SWIFT_OPTIMIZATION_LEVEL = "-Onone";
				SWIFT_VERSION = 4.0;
				TARGETED_DEVICE_FAMILY = "1,2";
			};
			name = Debug;
		};
		A71F9DAE201EB70D00E183F3 /* Release */ = {
			isa = XCBuildConfiguration;
			buildSettings = {
				CLANG_ENABLE_MODULES = YES;
				CODE_SIGN_IDENTITY = "";
				CODE_SIGN_STYLE = Automatic;
				DEFINES_MODULE = YES;
				DYLIB_COMPATIBILITY_VERSION = 1;
				DYLIB_CURRENT_VERSION = 1;
				DYLIB_INSTALL_NAME_BASE = "@rpath";
				INFOPLIST_FILE = LYFCocoaTouchFramework/Info.plist;
				INSTALL_PATH = "$(LOCAL_LIBRARY_DIR)/Frameworks";
				LD_RUNPATH_SEARCH_PATHS = "$(inherited) @executable_path/Frameworks @loader_path/Frameworks";
				PRODUCT_BUNDLE_IDENTIFIER = "-c2p.LYFCocoaTouchFramework";
				PRODUCT_NAME = "$(TARGET_NAME:c99extidentifier)";
				SKIP_INSTALL = YES;
				SWIFT_VERSION = 4.0;
				TARGETED_DEVICE_FAMILY = "1,2";
			};
			name = Release;
		};
		A71F9DB0201EB70D00E183F3 /* Debug */ = {
			isa = XCBuildConfiguration;
			buildSettings = {
				ALWAYS_EMBED_SWIFT_STANDARD_LIBRARIES = YES;
				CODE_SIGN_STYLE = Automatic;
				INFOPLIST_FILE = LYFCocoaTouchFrameworkTests/Info.plist;
				LD_RUNPATH_SEARCH_PATHS = "$(inherited) @executable_path/Frameworks @loader_path/Frameworks";
				PRODUCT_BUNDLE_IDENTIFIER = "-c2p.LYFCocoaTouchFrameworkTests";
				PRODUCT_NAME = "$(TARGET_NAME)";
				SWIFT_VERSION = 4.0;
				TARGETED_DEVICE_FAMILY = "1,2";
			};
			name = Debug;
		};
		A71F9DB1201EB70D00E183F3 /* Release */ = {
			isa = XCBuildConfiguration;
			buildSettings = {
				ALWAYS_EMBED_SWIFT_STANDARD_LIBRARIES = YES;
				CODE_SIGN_STYLE = Automatic;
				INFOPLIST_FILE = LYFCocoaTouchFrameworkTests/Info.plist;
				LD_RUNPATH_SEARCH_PATHS = "$(inherited) @executable_path/Frameworks @loader_path/Frameworks";
				PRODUCT_BUNDLE_IDENTIFIER = "-c2p.LYFCocoaTouchFrameworkTests";
				PRODUCT_NAME = "$(TARGET_NAME)";
				SWIFT_VERSION = 4.0;
				TARGETED_DEVICE_FAMILY = "1,2";
			};
			name = Release;
		};
/* End XCBuildConfiguration section */

/* Begin XCConfigurationList section */
		A71F9D92201EB70D00E183F3 /* Build configuration list for PBXProject "LYFCocoaTouchFramework" */ = {
			isa = XCConfigurationList;
			buildConfigurations = (
				A71F9DAA201EB70D00E183F3 /* Debug */,
				A71F9DAB201EB70D00E183F3 /* Release */,
			);
			defaultConfigurationIsVisible = 0;
			defaultConfigurationName = Release;
		};
		A71F9DAC201EB70D00E183F3 /* Build configuration list for PBXNativeTarget "LYFCocoaTouchFramework" */ = {
			isa = XCConfigurationList;
			buildConfigurations = (
				A71F9DAD201EB70D00E183F3 /* Debug */,
				A71F9DAE201EB70D00E183F3 /* Release */,
			);
			defaultConfigurationIsVisible = 0;
			defaultConfigurationName = Release;
		};
		A71F9DAF201EB70D00E183F3 /* Build configuration list for PBXNativeTarget "LYFCocoaTouchFrameworkTests" */ = {
			isa = XCConfigurationList;
			buildConfigurations = (
				A71F9DB0201EB70D00E183F3 /* Debug */,
				A71F9DB1201EB70D00E183F3 /* Release */,
			);
			defaultConfigurationIsVisible = 0;
			defaultConfigurationName = Release;
		};
/* End XCConfigurationList section */
	};
	rootObject = A71F9D8F201EB70D00E183F3 /* Project object */;
}
